// !$*UTF8*$!
{
	archiveVersion = 1;
	classes = {
	};
	objectVersion = 50;
	objects = {

/* Begin PBXBuildFile section */
		CD7882A1243C504100117EF7 /* WeatherManager.swift in Sources */ = {isa = PBXBuildFile; fileRef = CD7882A0243C504100117EF7 /* WeatherManager.swift */; };
		CD7882A3243C505000117EF7 /* WeatherData.swift in Sources */ = {isa = PBXBuildFile; fileRef = CD7882A2243C505000117EF7 /* WeatherData.swift */; };
		CD7882A5243C505900117EF7 /* WeatherModel.swift in Sources */ = {isa = PBXBuildFile; fileRef = CD7882A4243C505900117EF7 /* WeatherModel.swift */; };
		CD8DEECB243B692C003904F7 /* AppDelegate.swift in Sources */ = {isa = PBXBuildFile; fileRef = CD8DEECA243B692C003904F7 /* AppDelegate.swift */; };
		CD8DEECD243B692C003904F7 /* SceneDelegate.swift in Sources */ = {isa = PBXBuildFile; fileRef = CD8DEECC243B692C003904F7 /* SceneDelegate.swift */; };
		CD8DEECF243B692C003904F7 /* WeatherViewController.swift in Sources */ = {isa = PBXBuildFile; fileRef = CD8DEECE243B692C003904F7 /* WeatherViewController.swift */; };
		CD8DEED2243B692C003904F7 /* Main.storyboard in Resources */ = {isa = PBXBuildFile; fileRef = CD8DEED0243B692C003904F7 /* Main.storyboard */; };
		CD8DEED4243B6930003904F7 /* Assets.xcassets in Resources */ = {isa = PBXBuildFile; fileRef = CD8DEED3243B6930003904F7 /* Assets.xcassets */; };
		CD8DEED7243B6930003904F7 /* LaunchScreen.storyboard in Resources */ = {isa = PBXBuildFile; fileRef = CD8DEED5243B6930003904F7 /* LaunchScreen.storyboard */; };
/* End PBXBuildFile section */

/* Begin PBXFileReference section */
		CD7882A0243C504100117EF7 /* WeatherManager.swift */ = {isa = PBXFileReference; lastKnownFileType = sourcecode.swift; path = WeatherManager.swift; sourceTree = "<group>"; };
		CD7882A2243C505000117EF7 /* WeatherData.swift */ = {isa = PBXFileReference; lastKnownFileType = sourcecode.swift; path = WeatherData.swift; sourceTree = "<group>"; };
		CD7882A4243C505900117EF7 /* WeatherModel.swift */ = {isa = PBXFileReference; lastKnownFileType = sourcecode.swift; path = WeatherModel.swift; sourceTree = "<group>"; };
		CD8DEEC7243B692C003904F7 /* WeatherApp.app */ = {isa = PBXFileReference; explicitFileType = wrapper.application; includeInIndex = 0; path = WeatherApp.app; sourceTree = BUILT_PRODUCTS_DIR; };
		CD8DEECA243B692C003904F7 /* AppDelegate.swift */ = {isa = PBXFileReference; lastKnownFileType = sourcecode.swift; path = AppDelegate.swift; sourceTree = "<group>"; };
		CD8DEECC243B692C003904F7 /* SceneDelegate.swift */ = {isa = PBXFileReference; lastKnownFileType = sourcecode.swift; path = SceneDelegate.swift; sourceTree = "<group>"; };
		CD8DEECE243B692C003904F7 /* WeatherViewController.swift */ = {isa = PBXFileReference; lastKnownFileType = sourcecode.swift; path = WeatherViewController.swift; sourceTree = "<group>"; };
		CD8DEED1243B692C003904F7 /* Base */ = {isa = PBXFileReference; lastKnownFileType = file.storyboard; name = Base; path = Base.lproj/Main.storyboard; sourceTree = "<group>"; };
		CD8DEED3243B6930003904F7 /* Assets.xcassets */ = {isa = PBXFileReference; lastKnownFileType = folder.assetcatalog; path = Assets.xcassets; sourceTree = "<group>"; };
		CD8DEED6243B6930003904F7 /* Base */ = {isa = PBXFileReference; lastKnownFileType = file.storyboard; name = Base; path = Base.lproj/LaunchScreen.storyboard; sourceTree = "<group>"; };
		CD8DEED8243B6930003904F7 /* Info.plist */ = {isa = PBXFileReference; lastKnownFileType = text.plist.xml; path = Info.plist; sourceTree = "<group>"; };
/* End PBXFileReference section */

/* Begin PBXFrameworksBuildPhase section */
		CD8DEEC4243B692C003904F7 /* Frameworks */ = {
			isa = PBXFrameworksBuildPhase;
			buildActionMask = 2147483647;
			files = (
			);
			runOnlyForDeploymentPostprocessing = 0;
		};
/* End PBXFrameworksBuildPhase section */

/* Begin PBXGroup section */
		CD78829E243C501100117EF7 /* View */ = {
			isa = PBXGroup;
			children = (
				CD8DEED0243B692C003904F7 /* Main.storyboard */,
			);
			path = View;
			sourceTree = "<group>";
		};
		CD78829F243C501800117EF7 /* Controller */ = {
			isa = PBXGroup;
			children = (
				CD8DEECE243B692C003904F7 /* WeatherViewController.swift */,
			);
			path = Controller;
			sourceTree = "<group>";
		};
		CD7882A6243C505E00117EF7 /* Model */ = {
			isa = PBXGroup;
			children = (
				CD7882A0243C504100117EF7 /* WeatherManager.swift */,
				CD7882A2243C505000117EF7 /* WeatherData.swift */,
				CD7882A4243C505900117EF7 /* WeatherModel.swift */,
			);
			path = Model;
			sourceTree = "<group>";
		};
		CD8DEEBE243B692C003904F7 = {
			isa = PBXGroup;
			children = (
				CD8DEEC9243B692C003904F7 /* WeatherApp */,
				CD8DEEC8243B692C003904F7 /* Products */,
			);
			sourceTree = "<group>";
		};
		CD8DEEC8243B692C003904F7 /* Products */ = {
			isa = PBXGroup;
			children = (
				CD8DEEC7243B692C003904F7 /* WeatherApp.app */,
			);
			name = Products;
			sourceTree = "<group>";
		};
		CD8DEEC9243B692C003904F7 /* WeatherApp */ = {
			isa = PBXGroup;
			children = (
				CD8DEECA243B692C003904F7 /* AppDelegate.swift */,
				CD8DEECC243B692C003904F7 /* SceneDelegate.swift */,
				CD7882A6243C505E00117EF7 /* Model */,
				CD78829F243C501800117EF7 /* Controller */,
				CD78829E243C501100117EF7 /* View */,
				CD8DEED3243B6930003904F7 /* Assets.xcassets */,
				CD8DEED5243B6930003904F7 /* LaunchScreen.storyboard */,
				CD8DEED8243B6930003904F7 /* Info.plist */,
			);
			path = WeatherApp;
			sourceTree = "<group>";
		};
/* End PBXGroup section */

/* Begin PBXNativeTarget section */
		CD8DEEC6243B692C003904F7 /* WeatherApp */ = {
			isa = PBXNativeTarget;
			buildConfigurationList = CD8DEEDB243B6930003904F7 /* Build configuration list for PBXNativeTarget "WeatherApp" */;
			buildPhases = (
				CD8DEEC3243B692C003904F7 /* Sources */,
				CD8DEEC4243B692C003904F7 /* Frameworks */,
				CD8DEEC5243B692C003904F7 /* Resources */,
			);
			buildRules = (
			);
			dependencies = (
			);
			name = WeatherApp;
			productName = WeatherApp;
			productReference = CD8DEEC7243B692C003904F7 /* WeatherApp.app */;
			productType = "com.apple.product-type.application";
		};
/* End PBXNativeTarget section */

/* Begin PBXProject section */
		CD8DEEBF243B692C003904F7 /* Project object */ = {
			isa = PBXProject;
			attributes = {
				LastSwiftUpdateCheck = 1140;
				LastUpgradeCheck = 1140;
				ORGANIZATIONNAME = "Gill Hardeep";
				TargetAttributes = {
					CD8DEEC6243B692C003904F7 = {
						CreatedOnToolsVersion = 11.4;
					};
				};
			};
			buildConfigurationList = CD8DEEC2243B692C003904F7 /* Build configuration list for PBXProject "WeatherApp" */;
			compatibilityVersion = "Xcode 9.3";
			developmentRegion = en;
			hasScannedForEncodings = 0;
			knownRegions = (
				en,
				Base,
			);
			mainGroup = CD8DEEBE243B692C003904F7;
			productRefGroup = CD8DEEC8243B692C003904F7 /* Products */;
			projectDirPath = "";
			projectRoot = "";
			targets = (
				CD8DEEC6243B692C003904F7 /* WeatherApp */,
			);
		};
/* End PBXProject section */

/* Begin PBXResourcesBuildPhase section */
		CD8DEEC5243B692C003904F7 /* Resources */ = {
			isa = PBXResourcesBuildPhase;
			buildActionMask = 2147483647;
			files = (
				CD8DEED7243B6930003904F7 /* LaunchScreen.storyboard in Resources */,
				CD8DEED4243B6930003904F7 /* Assets.xcassets in Resources */,
				CD8DEED2243B692C003904F7 /* Main.storyboard in Resources */,
			);
			runOnlyForDeploymentPostprocessing = 0;
		};
/* End PBXResourcesBuildPhase section */

/* Begin PBXSourcesBuildPhase section */
		CD8DEEC3243B692C003904F7 /* Sources */ = {
			isa = PBXSourcesBuildPhase;
			buildActionMask = 2147483647;
			files = (
				CD8DEECF243B692C003904F7 /* WeatherViewController.swift in Sources */,
				CD7882A3243C505000117EF7 /* WeatherData.swift in Sources */,
				CD8DEECB243B692C003904F7 /* AppDelegate.swift in Sources */,
				CD7882A1243C504100117EF7 /* WeatherManager.swift in Sources */,
				CD7882A5243C505900117EF7 /* WeatherModel.swift in Sources */,
				CD8DEECD243B692C003904F7 /* SceneDelegate.swift in Sources */,
			);
			runOnlyForDeploymentPostprocessing = 0;
		};
/* End PBXSourcesBuildPhase section */

/* Begin PBXVariantGroup section */
		CD8DEED0243B692C003904F7 /* Main.storyboard */ = {
			isa = PBXVariantGroup;
			children = (
				CD8DEED1243B692C003904F7 /* Base */,
			);
			name = Main.storyboard;
			sourceTree = "<group>";
		};
		CD8DEED5243B6930003904F7 /* LaunchScreen.storyboard */ = {
			isa = PBXVariantGroup;
			children = (
				CD8DEED6243B6930003904F7 /* Base */,
			);
			name = LaunchScreen.storyboard;
			sourceTree = "<group>";
		};
/* End PBXVariantGroup section */

/* Begin XCBuildConfiguration section */
		CD8DEED9243B6930003904F7 /* Debug */ = {
			isa = XCBuildConfiguration;
			buildSettings = {
				ALWAYS_SEARCH_USER_PATHS = NO;
				CLANG_ANALYZER_NONNULL = YES;
				CLANG_ANALYZER_NUMBER_OBJECT_CONVERSION = YES_AGGRESSIVE;
				CLANG_CXX_LANGUAGE_STANDARD = "gnu++14";
				CLANG_CXX_LIBRARY = "libc++";
				CLANG_ENABLE_MODULES = YES;
				CLANG_ENABLE_OBJC_ARC = YES;
				CLANG_ENABLE_OBJC_WEAK = YES;
				CLANG_WARN_BLOCK_CAPTURE_AUTORELEASING = YES;
				CLANG_WARN_BOOL_CONVERSION = YES;
				CLANG_WARN_COMMA = YES;
				CLANG_WARN_CONSTANT_CONVERSION = YES;
				CLANG_WARN_DEPRECATED_OBJC_IMPLEMENTATIONS = YES;
				CLANG_WARN_DIRECT_OBJC_ISA_USAGE = YES_ERROR;
				CLANG_WARN_DOCUMENTATION_COMMENTS = YES;
				CLANG_WARN_EMPTY_BODY = YES;
				CLANG_WARN_ENUM_CONVERSION = YES;
				CLANG_WARN_INFINITE_RECURSION = YES;
				CLANG_WARN_INT_CONVERSION = YES;
				CLANG_WARN_NON_LITERAL_NULL_CONVERSION = YES;
				CLANG_WARN_OBJC_IMPLICIT_RETAIN_SELF = YES;
				CLANG_WARN_OBJC_LITERAL_CONVERSION = YES;
				CLANG_WARN_OBJC_ROOT_CLASS = YES_ERROR;
				CLANG_WARN_RANGE_LOOP_ANALYSIS = YES;
				CLANG_WARN_STRICT_PROTOTYPES = YES;
				CLANG_WARN_SUSPICIOUS_MOVE = YES;
				CLANG_WARN_UNGUARDED_AVAILABILITY = YES_AGGRESSIVE;
				CLANG_WARN_UNREACHABLE_CODE = YES;
				CLANG_WARN__DUPLICATE_METHOD_MATCH = YES;
				COPY_PHASE_STRIP = NO;
				DEBUG_INFORMATION_FORMAT = dwarf;
				ENABLE_STRICT_OBJC_MSGSEND = YES;
				ENABLE_TESTABILITY = YES;
				GCC_C_LANGUAGE_STANDARD = gnu11;
				GCC_DYNAMIC_NO_PIC = NO;
				GCC_NO_COMMON_BLOCKS = YES;
				GCC_OPTIMIZATION_LEVEL = 0;
				GCC_PREPROCESSOR_DEFINITIONS = (
					"DEBUG=1",
					"$(inherited)",
				);
				GCC_WARN_64_TO_32_BIT_CONVERSION = YES;
				GCC_WARN_ABOUT_RETURN_TYPE = YES_ERROR;
				GCC_WARN_UNDECLARED_SELECTOR = YES;
				GCC_WARN_UNINITIALIZED_AUTOS = YES_AGGRESSIVE;
				GCC_WARN_UNUSED_FUNCTION = YES;
				GCC_WARN_UNUSED_VARIABLE = YES;
				IPHONEOS_DEPLOYMENT_TARGET = 13.4;
				MTL_ENABLE_DEBUG_INFO = INCLUDE_SOURCE;
				MTL_FAST_MATH = YES;
				ONLY_ACTIVE_ARCH = YES;
				SDKROOT = iphoneos;
				SWIFT_ACTIVE_COMPILATION_CONDITIONS = DEBUG;
				SWIFT_OPTIMIZATION_LEVEL = "-Onone";
			};
			name = Debug;
		};
		CD8DEEDA243B6930003904F7 /* Release */ = {
			isa = XCBuildConfiguration;
			buildSettings = {
				ALWAYS_SEARCH_USER_PATHS = NO;
				CLANG_ANALYZER_NONNULL = YES;
				CLANG_ANALYZER_NUMBER_OBJECT_CONVERSION = YES_AGGRESSIVE;
				CLANG_CXX_LANGUAGE_STANDARD = "gnu++14";
				CLANG_CXX_LIBRARY = "libc++";
				CLANG_ENABLE_MODULES = YES;
				CLANG_ENABLE_OBJC_ARC = YES;
				CLANG_ENABLE_OBJC_WEAK = YES;
				CLANG_WARN_BLOCK_CAPTURE_AUTORELEASING = YES;
				CLANG_WARN_BOOL_CONVERSION = YES;
				CLANG_WARN_COMMA = YES;
				CLANG_WARN_CONSTANT_CONVERSION = YES;
				CLANG_WARN_DEPRECATED_OBJC_IMPLEMENTATIONS = YES;
				CLANG_WARN_DIRECT_OBJC_ISA_USAGE = YES_ERROR;
				CLANG_WARN_DOCUMENTATION_COMMENTS = YES;
				CLANG_WARN_EMPTY_BODY = YES;
				CLANG_WARN_ENUM_CONVERSION = YES;
				CLANG_WARN_INFINITE_RECURSION = YES;
				CLANG_WARN_INT_CONVERSION = YES;
				CLANG_WARN_NON_LITERAL_NULL_CONVERSION = YES;
				CLANG_WARN_OBJC_IMPLICIT_RETAIN_SELF = YES;
				CLANG_WARN_OBJC_LITERAL_CONVERSION = YES;
				CLANG_WARN_OBJC_ROOT_CLASS = YES_ERROR;
				CLANG_WARN_RANGE_LOOP_ANALYSIS = YES;
				CLANG_WARN_STRICT_PROTOTYPES = YES;
				CLANG_WARN_SUSPICIOUS_MOVE = YES;
				CLANG_WARN_UNGUARDED_AVAILABILITY = YES_AGGRESSIVE;
				CLANG_WARN_UNREACHABLE_CODE = YES;
				CLANG_WARN__DUPLICATE_METHOD_MATCH = YES;
				COPY_PHASE_STRIP = NO;
				DEBUG_INFORMATION_FORMAT = "dwarf-with-dsym";
				ENABLE_NS_ASSERTIONS = NO;
				ENABLE_STRICT_OBJC_MSGSEND = YES;
				GCC_C_LANGUAGE_STANDARD = gnu11;
				GCC_NO_COMMON_BLOCKS = YES;
				GCC_WARN_64_TO_32_BIT_CONVERSION = YES;
				GCC_WARN_ABOUT_RETURN_TYPE = YES_ERROR;
				GCC_WARN_UNDECLARED_SELECTOR = YES;
				GCC_WARN_UNINITIALIZED_AUTOS = YES_AGGRESSIVE;
				GCC_WARN_UNUSED_FUNCTION = YES;
				GCC_WARN_UNUSED_VARIABLE = YES;
				IPHONEOS_DEPLOYMENT_TARGET = 13.4;
				MTL_ENABLE_DEBUG_INFO = NO;
				MTL_FAST_MATH = YES;
				SDKROOT = iphoneos;
				SWIFT_COMPILATION_MODE = wholemodule;
				SWIFT_OPTIMIZATION_LEVEL = "-O";
				VALIDATE_PRODUCT = YES;
			};
			name = Release;
		};
		CD8DEEDC243B6930003904F7 /* Debug */ = {
			isa = XCBuildConfiguration;
			buildSettings = {
				ASSETCATALOG_COMPILER_APPICON_NAME = AppIcon;
				CODE_SIGN_STYLE = Automatic;
				INFOPLIST_FILE = WeatherApp/Info.plist;
				LD_RUNPATH_SEARCH_PATHS = (
					"$(inherited)",
					"@executable_path/Frameworks",
				);
				PRODUCT_BUNDLE_IDENTIFIER = com.gillz.WeatherApp;
				PRODUCT_NAME = "$(TARGET_NAME)";
				SWIFT_VERSION = 5.0;
				TARGETED_DEVICE_FAMILY = "1,2";
			};
			name = Debug;
		};
		CD8DEEDD243B6930003904F7 /* Release */ = {
			isa = XCBuildConfiguration;
			buildSettings = {
				ASSETCATALOG_COMPILER_APPICON_NAME = AppIcon;
				CODE_SIGN_STYLE = Automatic;
				INFOPLIST_FILE = WeatherApp/Info.plist;
				LD_RUNPATH_SEARCH_PATHS = (
					"$(inherited)",
					"@executable_path/Frameworks",
				);
				PRODUCT_BUNDLE_IDENTIFIER = com.gillz.WeatherApp;
				PRODUCT_NAME = "$(TARGET_NAME)";
				SWIFT_VERSION = 5.0;
				TARGETED_DEVICE_FAMILY = "1,2";
			};
			name = Release;
		};
/* End XCBuildConfiguration section */

/* Begin XCConfigurationList section */
		CD8DEEC2243B692C003904F7 /* Build configuration list for PBXProject "WeatherApp" */ = {
			isa = XCConfigurationList;
			buildConfigurations = (
				CD8DEED9243B6930003904F7 /* Debug */,
				CD8DEEDA243B6930003904F7 /* Release */,
			);
			defaultConfigurationIsVisible = 0;
			defaultConfigurationName = Release;
		};
		CD8DEEDB243B6930003904F7 /* Build configuration list for PBXNativeTarget "WeatherApp" */ = {
			isa = XCConfigurationList;
			buildConfigurations = (
				CD8DEEDC243B6930003904F7 /* Debug */,
				CD8DEEDD243B6930003904F7 /* Release */,
			);
			defaultConfigurationIsVisible = 0;
			defaultConfigurationName = Release;
		};
/* End XCConfigurationList section */
	};
	rootObject = CD8DEEBF243B692C003904F7 /* Project object */;
}
